// !$*UTF8*$!
{
	archiveVersion = 1;
	classes = {
	};
	objectVersion = 50;
	objects = {

/* Begin PBXBuildFile section */
		7B7F582325B6815B008AD80D /* AppDelegate.swift in Sources */ = {isa = PBXBuildFile; fileRef = 7B7F582225B6815B008AD80D /* AppDelegate.swift */; };
		7B7F582525B6815B008AD80D /* SceneDelegate.swift in Sources */ = {isa = PBXBuildFile; fileRef = 7B7F582425B6815B008AD80D /* SceneDelegate.swift */; };
		7B7F582725B6815B008AD80D /* ViewController.swift in Sources */ = {isa = PBXBuildFile; fileRef = 7B7F582625B6815B008AD80D /* ViewController.swift */; };
		7B7F582A25B6815B008AD80D /* Main.storyboard in Resources */ = {isa = PBXBuildFile; fileRef = 7B7F582825B6815B008AD80D /* Main.storyboard */; };
		7B7F582C25B6815E008AD80D /* Assets.xcassets in Resources */ = {isa = PBXBuildFile; fileRef = 7B7F582B25B6815E008AD80D /* Assets.xcassets */; };
		7B7F582F25B6815E008AD80D /* LaunchScreen.storyboard in Resources */ = {isa = PBXBuildFile; fileRef = 7B7F582D25B6815E008AD80D /* LaunchScreen.storyboard */; };
		7B7F583A25B6815E008AD80D /* GoodWeatherTests.swift in Sources */ = {isa = PBXBuildFile; fileRef = 7B7F583925B6815E008AD80D /* GoodWeatherTests.swift */; };
		7B7F584525B6815E008AD80D /* GoodWeatherUITests.swift in Sources */ = {isa = PBXBuildFile; fileRef = 7B7F584425B6815E008AD80D /* GoodWeatherUITests.swift */; };
/* End PBXBuildFile section */

/* Begin PBXContainerItemProxy section */
		7B7F583625B6815E008AD80D /* PBXContainerItemProxy */ = {
			isa = PBXContainerItemProxy;
			containerPortal = 7B7F581725B6815B008AD80D /* Project object */;
			proxyType = 1;
			remoteGlobalIDString = 7B7F581E25B6815B008AD80D;
			remoteInfo = GoodWeather;
		};
		7B7F584125B6815E008AD80D /* PBXContainerItemProxy */ = {
			isa = PBXContainerItemProxy;
			containerPortal = 7B7F581725B6815B008AD80D /* Project object */;
			proxyType = 1;
			remoteGlobalIDString = 7B7F581E25B6815B008AD80D;
			remoteInfo = GoodWeather;
		};
/* End PBXContainerItemProxy section */

/* Begin PBXFileReference section */
		7B7F581F25B6815B008AD80D /* GoodWeather.app */ = {isa = PBXFileReference; explicitFileType = wrapper.application; includeInIndex = 0; path = GoodWeather.app; sourceTree = BUILT_PRODUCTS_DIR; };
		7B7F582225B6815B008AD80D /* AppDelegate.swift */ = {isa = PBXFileReference; lastKnownFileType = sourcecode.swift; path = AppDelegate.swift; sourceTree = "<group>"; };
		7B7F582425B6815B008AD80D /* SceneDelegate.swift */ = {isa = PBXFileReference; lastKnownFileType = sourcecode.swift; path = SceneDelegate.swift; sourceTree = "<group>"; };
		7B7F582625B6815B008AD80D /* ViewController.swift */ = {isa = PBXFileReference; lastKnownFileType = sourcecode.swift; path = ViewController.swift; sourceTree = "<group>"; };
		7B7F582925B6815B008AD80D /* Base */ = {isa = PBXFileReference; lastKnownFileType = file.storyboard; name = Base; path = Base.lproj/Main.storyboard; sourceTree = "<group>"; };
		7B7F582B25B6815E008AD80D /* Assets.xcassets */ = {isa = PBXFileReference; lastKnownFileType = folder.assetcatalog; path = Assets.xcassets; sourceTree = "<group>"; };
		7B7F582E25B6815E008AD80D /* Base */ = {isa = PBXFileReference; lastKnownFileType = file.storyboard; name = Base; path = Base.lproj/LaunchScreen.storyboard; sourceTree = "<group>"; };
		7B7F583025B6815E008AD80D /* Info.plist */ = {isa = PBXFileReference; lastKnownFileType = text.plist.xml; path = Info.plist; sourceTree = "<group>"; };
		7B7F583525B6815E008AD80D /* GoodWeatherTests.xctest */ = {isa = PBXFileReference; explicitFileType = wrapper.cfbundle; includeInIndex = 0; path = GoodWeatherTests.xctest; sourceTree = BUILT_PRODUCTS_DIR; };
		7B7F583925B6815E008AD80D /* GoodWeatherTests.swift */ = {isa = PBXFileReference; lastKnownFileType = sourcecode.swift; path = GoodWeatherTests.swift; sourceTree = "<group>"; };
		7B7F583B25B6815E008AD80D /* Info.plist */ = {isa = PBXFileReference; lastKnownFileType = text.plist.xml; path = Info.plist; sourceTree = "<group>"; };
		7B7F584025B6815E008AD80D /* GoodWeatherUITests.xctest */ = {isa = PBXFileReference; explicitFileType = wrapper.cfbundle; includeInIndex = 0; path = GoodWeatherUITests.xctest; sourceTree = BUILT_PRODUCTS_DIR; };
		7B7F584425B6815E008AD80D /* GoodWeatherUITests.swift */ = {isa = PBXFileReference; lastKnownFileType = sourcecode.swift; path = GoodWeatherUITests.swift; sourceTree = "<group>"; };
		7B7F584625B6815E008AD80D /* Info.plist */ = {isa = PBXFileReference; lastKnownFileType = text.plist.xml; path = Info.plist; sourceTree = "<group>"; };
/* End PBXFileReference section */

/* Begin PBXFrameworksBuildPhase section */
		7B7F581C25B6815B008AD80D /* Frameworks */ = {
			isa = PBXFrameworksBuildPhase;
			buildActionMask = 2147483647;
			files = (
			);
			runOnlyForDeploymentPostprocessing = 0;
		};
		7B7F583225B6815E008AD80D /* Frameworks */ = {
			isa = PBXFrameworksBuildPhase;
			buildActionMask = 2147483647;
			files = (
			);
			runOnlyForDeploymentPostprocessing = 0;
		};
		7B7F583D25B6815E008AD80D /* Frameworks */ = {
			isa = PBXFrameworksBuildPhase;
			buildActionMask = 2147483647;
			files = (
			);
			runOnlyForDeploymentPostprocessing = 0;
		};
/* End PBXFrameworksBuildPhase section */

/* Begin PBXGroup section */
		7B7F581625B6815B008AD80D = {
			isa = PBXGroup;
			children = (
				7B7F582125B6815B008AD80D /* GoodWeather */,
				7B7F583825B6815E008AD80D /* GoodWeatherTests */,
				7B7F584325B6815E008AD80D /* GoodWeatherUITests */,
				7B7F582025B6815B008AD80D /* Products */,
			);
			sourceTree = "<group>";
		};
		7B7F582025B6815B008AD80D /* Products */ = {
			isa = PBXGroup;
			children = (
				7B7F581F25B6815B008AD80D /* GoodWeather.app */,
				7B7F583525B6815E008AD80D /* GoodWeatherTests.xctest */,
				7B7F584025B6815E008AD80D /* GoodWeatherUITests.xctest */,
			);
			name = Products;
			sourceTree = "<group>";
		};
		7B7F582125B6815B008AD80D /* GoodWeather */ = {
			isa = PBXGroup;
			children = (
				7B7F582225B6815B008AD80D /* AppDelegate.swift */,
				7B7F582425B6815B008AD80D /* SceneDelegate.swift */,
				7B7F582625B6815B008AD80D /* ViewController.swift */,
				7B7F582825B6815B008AD80D /* Main.storyboard */,
				7B7F582B25B6815E008AD80D /* Assets.xcassets */,
				7B7F582D25B6815E008AD80D /* LaunchScreen.storyboard */,
				7B7F583025B6815E008AD80D /* Info.plist */,
			);
			path = GoodWeather;
			sourceTree = "<group>";
		};
		7B7F583825B6815E008AD80D /* GoodWeatherTests */ = {
			isa = PBXGroup;
			children = (
				7B7F583925B6815E008AD80D /* GoodWeatherTests.swift */,
				7B7F583B25B6815E008AD80D /* Info.plist */,
			);
			path = GoodWeatherTests;
			sourceTree = "<group>";
		};
		7B7F584325B6815E008AD80D /* GoodWeatherUITests */ = {
			isa = PBXGroup;
			children = (
				7B7F584425B6815E008AD80D /* GoodWeatherUITests.swift */,
				7B7F584625B6815E008AD80D /* Info.plist */,
			);
			path = GoodWeatherUITests;
			sourceTree = "<group>";
		};
/* End PBXGroup section */

/* Begin PBXNativeTarget section */
		7B7F581E25B6815B008AD80D /* GoodWeather */ = {
			isa = PBXNativeTarget;
			buildConfigurationList = 7B7F584925B6815E008AD80D /* Build configuration list for PBXNativeTarget "GoodWeather" */;
			buildPhases = (
				7B7F581B25B6815B008AD80D /* Sources */,
				7B7F581C25B6815B008AD80D /* Frameworks */,
				7B7F581D25B6815B008AD80D /* Resources */,
			);
			buildRules = (
			);
			dependencies = (
			);
			name = GoodWeather;
			productName = GoodWeather;
			productReference = 7B7F581F25B6815B008AD80D /* GoodWeather.app */;
			productType = "com.apple.product-type.application";
		};
		7B7F583425B6815E008AD80D /* GoodWeatherTests */ = {
			isa = PBXNativeTarget;
			buildConfigurationList = 7B7F584C25B6815E008AD80D /* Build configuration list for PBXNativeTarget "GoodWeatherTests" */;
			buildPhases = (
				7B7F583125B6815E008AD80D /* Sources */,
				7B7F583225B6815E008AD80D /* Frameworks */,
				7B7F583325B6815E008AD80D /* Resources */,
			);
			buildRules = (
			);
			dependencies = (
				7B7F583725B6815E008AD80D /* PBXTargetDependency */,
			);
			name = GoodWeatherTests;
			productName = GoodWeatherTests;
			productReference = 7B7F583525B6815E008AD80D /* GoodWeatherTests.xctest */;
			productType = "com.apple.product-type.bundle.unit-test";
		};
		7B7F583F25B6815E008AD80D /* GoodWeatherUITests */ = {
			isa = PBXNativeTarget;
			buildConfigurationList = 7B7F584F25B6815E008AD80D /* Build configuration list for PBXNativeTarget "GoodWeatherUITests" */;
			buildPhases = (
				7B7F583C25B6815E008AD80D /* Sources */,
				7B7F583D25B6815E008AD80D /* Frameworks */,
				7B7F583E25B6815E008AD80D /* Resources */,
			);
			buildRules = (
			);
			dependencies = (
				7B7F584225B6815E008AD80D /* PBXTargetDependency */,
			);
			name = GoodWeatherUITests;
			productName = GoodWeatherUITests;
			productReference = 7B7F584025B6815E008AD80D /* GoodWeatherUITests.xctest */;
			productType = "com.apple.product-type.bundle.ui-testing";
		};
/* End PBXNativeTarget section */

/* Begin PBXProject section */
		7B7F581725B6815B008AD80D /* Project object */ = {
			isa = PBXProject;
			attributes = {
				LastSwiftUpdateCheck = 1220;
				LastUpgradeCheck = 1220;
				TargetAttributes = {
					7B7F581E25B6815B008AD80D = {
						CreatedOnToolsVersion = 12.2;
					};
					7B7F583425B6815E008AD80D = {
						CreatedOnToolsVersion = 12.2;
						TestTargetID = 7B7F581E25B6815B008AD80D;
					};
					7B7F583F25B6815E008AD80D = {
						CreatedOnToolsVersion = 12.2;
						TestTargetID = 7B7F581E25B6815B008AD80D;
					};
				};
			};
			buildConfigurationList = 7B7F581A25B6815B008AD80D /* Build configuration list for PBXProject "GoodWeather" */;
			compatibilityVersion = "Xcode 9.3";
			developmentRegion = en;
			hasScannedForEncodings = 0;
			knownRegions = (
				en,
				Base,
			);
			mainGroup = 7B7F581625B6815B008AD80D;
			productRefGroup = 7B7F582025B6815B008AD80D /* Products */;
			projectDirPath = "";
			projectRoot = "";
			targets = (
				7B7F581E25B6815B008AD80D /* GoodWeather */,
				7B7F583425B6815E008AD80D /* GoodWeatherTests */,
				7B7F583F25B6815E008AD80D /* GoodWeatherUITests */,
			);
		};
/* End PBXProject section */

/* Begin PBXResourcesBuildPhase section */
		7B7F581D25B6815B008AD80D /* Resources */ = {
			isa = PBXResourcesBuildPhase;
			buildActionMask = 2147483647;
			files = (
				7B7F582F25B6815E008AD80D /* LaunchScreen.storyboard in Resources */,
				7B7F582C25B6815E008AD80D /* Assets.xcassets in Resources */,
				7B7F582A25B6815B008AD80D /* Main.storyboard in Resources */,
			);
			runOnlyForDeploymentPostprocessing = 0;
		};
		7B7F583325B6815E008AD80D /* Resources */ = {
			isa = PBXResourcesBuildPhase;
			buildActionMask = 2147483647;
			files = (
			);
			runOnlyForDeploymentPostprocessing = 0;
		};
		7B7F583E25B6815E008AD80D /* Resources */ = {
			isa = PBXResourcesBuildPhase;
			buildActionMask = 2147483647;
			files = (
			);
			runOnlyForDeploymentPostprocessing = 0;
		};
/* End PBXResourcesBuildPhase section */

/* Begin PBXSourcesBuildPhase section */
		7B7F581B25B6815B008AD80D /* Sources */ = {
			isa = PBXSourcesBuildPhase;
			buildActionMask = 2147483647;
			files = (
				7B7F582725B6815B008AD80D /* ViewController.swift in Sources */,
				7B7F582325B6815B008AD80D /* AppDelegate.swift in Sources */,
				7B7F582525B6815B008AD80D /* SceneDelegate.swift in Sources */,
			);
			runOnlyForDeploymentPostprocessing = 0;
		};
		7B7F583125B6815E008AD80D /* Sources */ = {
			isa = PBXSourcesBuildPhase;
			buildActionMask = 2147483647;
			files = (
				7B7F583A25B6815E008AD80D /* GoodWeatherTests.swift in Sources */,
			);
			runOnlyForDeploymentPostprocessing = 0;
		};
		7B7F583C25B6815E008AD80D /* Sources */ = {
			isa = PBXSourcesBuildPhase;
			buildActionMask = 2147483647;
			files = (
				7B7F584525B6815E008AD80D /* GoodWeatherUITests.swift in Sources */,
			);
			runOnlyForDeploymentPostprocessing = 0;
		};
/* End PBXSourcesBuildPhase section */

/* Begin PBXTargetDependency section */
		7B7F583725B6815E008AD80D /* PBXTargetDependency */ = {
			isa = PBXTargetDependency;
			target = 7B7F581E25B6815B008AD80D /* GoodWeather */;
			targetProxy = 7B7F583625B6815E008AD80D /* PBXContainerItemProxy */;
		};
		7B7F584225B6815E008AD80D /* PBXTargetDependency */ = {
			isa = PBXTargetDependency;
			target = 7B7F581E25B6815B008AD80D /* GoodWeather */;
			targetProxy = 7B7F584125B6815E008AD80D /* PBXContainerItemProxy */;
		};
/* End PBXTargetDependency section */

/* Begin PBXVariantGroup section */
		7B7F582825B6815B008AD80D /* Main.storyboard */ = {
			isa = PBXVariantGroup;
			children = (
				7B7F582925B6815B008AD80D /* Base */,
			);
			name = Main.storyboard;
			sourceTree = "<group>";
		};
		7B7F582D25B6815E008AD80D /* LaunchScreen.storyboard */ = {
			isa = PBXVariantGroup;
			children = (
				7B7F582E25B6815E008AD80D /* Base */,
			);
			name = LaunchScreen.storyboard;
			sourceTree = "<group>";
		};
/* End PBXVariantGroup section */

/* Begin XCBuildConfiguration section */
		7B7F584725B6815E008AD80D /* Debug */ = {
			isa = XCBuildConfiguration;
			buildSettings = {
				ALWAYS_SEARCH_USER_PATHS = NO;
				CLANG_ANALYZER_NONNULL = YES;
				CLANG_ANALYZER_NUMBER_OBJECT_CONVERSION = YES_AGGRESSIVE;
				CLANG_CXX_LANGUAGE_STANDARD = "gnu++14";
				CLANG_CXX_LIBRARY = "libc++";
				CLANG_ENABLE_MODULES = YES;
				CLANG_ENABLE_OBJC_ARC = YES;
				CLANG_ENABLE_OBJC_WEAK = YES;
				CLANG_WARN_BLOCK_CAPTURE_AUTORELEASING = YES;
				CLANG_WARN_BOOL_CONVERSION = YES;
				CLANG_WARN_COMMA = YES;
				CLANG_WARN_CONSTANT_CONVERSION = YES;
				CLANG_WARN_DEPRECATED_OBJC_IMPLEMENTATIONS = YES;
				CLANG_WARN_DIRECT_OBJC_ISA_USAGE = YES_ERROR;
				CLANG_WARN_DOCUMENTATION_COMMENTS = YES;
				CLANG_WARN_EMPTY_BODY = YES;
				CLANG_WARN_ENUM_CONVERSION = YES;
				CLANG_WARN_INFINITE_RECURSION = YES;
				CLANG_WARN_INT_CONVERSION = YES;
				CLANG_WARN_NON_LITERAL_NULL_CONVERSION = YES;
				CLANG_WARN_OBJC_IMPLICIT_RETAIN_SELF = YES;
				CLANG_WARN_OBJC_LITERAL_CONVERSION = YES;
				CLANG_WARN_OBJC_ROOT_CLASS = YES_ERROR;
				CLANG_WARN_QUOTED_INCLUDE_IN_FRAMEWORK_HEADER = YES;
				CLANG_WARN_RANGE_LOOP_ANALYSIS = YES;
				CLANG_WARN_STRICT_PROTOTYPES = YES;
				CLANG_WARN_SUSPICIOUS_MOVE = YES;
				CLANG_WARN_UNGUARDED_AVAILABILITY = YES_AGGRESSIVE;
				CLANG_WARN_UNREACHABLE_CODE = YES;
				CLANG_WARN__DUPLICATE_METHOD_MATCH = YES;
				COPY_PHASE_STRIP = NO;
				DEBUG_INFORMATION_FORMAT = dwarf;
				ENABLE_STRICT_OBJC_MSGSEND = YES;
				ENABLE_TESTABILITY = YES;
				GCC_C_LANGUAGE_STANDARD = gnu11;
				GCC_DYNAMIC_NO_PIC = NO;
				GCC_NO_COMMON_BLOCKS = YES;
				GCC_OPTIMIZATION_LEVEL = 0;
				GCC_PREPROCESSOR_DEFINITIONS = (
					"DEBUG=1",
					"$(inherited)",
				);
				GCC_WARN_64_TO_32_BIT_CONVERSION = YES;
				GCC_WARN_ABOUT_RETURN_TYPE = YES_ERROR;
				GCC_WARN_UNDECLARED_SELECTOR = YES;
				GCC_WARN_UNINITIALIZED_AUTOS = YES_AGGRESSIVE;
				GCC_WARN_UNUSED_FUNCTION = YES;
				GCC_WARN_UNUSED_VARIABLE = YES;
				IPHONEOS_DEPLOYMENT_TARGET = 14.2;
				MTL_ENABLE_DEBUG_INFO = INCLUDE_SOURCE;
				MTL_FAST_MATH = YES;
				ONLY_ACTIVE_ARCH = YES;
				SDKROOT = iphoneos;
				SWIFT_ACTIVE_COMPILATION_CONDITIONS = DEBUG;
				SWIFT_OPTIMIZATION_LEVEL = "-Onone";
			};
			name = Debug;
		};
		7B7F584825B6815E008AD80D /* Release */ = {
			isa = XCBuildConfiguration;
			buildSettings = {
				ALWAYS_SEARCH_USER_PATHS = NO;
				CLANG_ANALYZER_NONNULL = YES;
				CLANG_ANALYZER_NUMBER_OBJECT_CONVERSION = YES_AGGRESSIVE;
				CLANG_CXX_LANGUAGE_STANDARD = "gnu++14";
				CLANG_CXX_LIBRARY = "libc++";
				CLANG_ENABLE_MODULES = YES;
				CLANG_ENABLE_OBJC_ARC = YES;
				CLANG_ENABLE_OBJC_WEAK = YES;
				CLANG_WARN_BLOCK_CAPTURE_AUTORELEASING = YES;
				CLANG_WARN_BOOL_CONVERSION = YES;
				CLANG_WARN_COMMA = YES;
				CLANG_WARN_CONSTANT_CONVERSION = YES;
				CLANG_WARN_DEPRECATED_OBJC_IMPLEMENTATIONS = YES;
				CLANG_WARN_DIRECT_OBJC_ISA_USAGE = YES_ERROR;
				CLANG_WARN_DOCUMENTATION_COMMENTS = YES;
				CLANG_WARN_EMPTY_BODY = YES;
				CLANG_WARN_ENUM_CONVERSION = YES;
				CLANG_WARN_INFINITE_RECURSION = YES;
				CLANG_WARN_INT_CONVERSION = YES;
				CLANG_WARN_NON_LITERAL_NULL_CONVERSION = YES;
				CLANG_WARN_OBJC_IMPLICIT_RETAIN_SELF = YES;
				CLANG_WARN_OBJC_LITERAL_CONVERSION = YES;
				CLANG_WARN_OBJC_ROOT_CLASS = YES_ERROR;
				CLANG_WARN_QUOTED_INCLUDE_IN_FRAMEWORK_HEADER = YES;
				CLANG_WARN_RANGE_LOOP_ANALYSIS = YES;
				CLANG_WARN_STRICT_PROTOTYPES = YES;
				CLANG_WARN_SUSPICIOUS_MOVE = YES;
				CLANG_WARN_UNGUARDED_AVAILABILITY = YES_AGGRESSIVE;
				CLANG_WARN_UNREACHABLE_CODE = YES;
				CLANG_WARN__DUPLICATE_METHOD_MATCH = YES;
				COPY_PHASE_STRIP = NO;
				DEBUG_INFORMATION_FORMAT = "dwarf-with-dsym";
				ENABLE_NS_ASSERTIONS = NO;
				ENABLE_STRICT_OBJC_MSGSEND = YES;
				GCC_C_LANGUAGE_STANDARD = gnu11;
				GCC_NO_COMMON_BLOCKS = YES;
				GCC_WARN_64_TO_32_BIT_CONVERSION = YES;
				GCC_WARN_ABOUT_RETURN_TYPE = YES_ERROR;
				GCC_WARN_UNDECLARED_SELECTOR = YES;
				GCC_WARN_UNINITIALIZED_AUTOS = YES_AGGRESSIVE;
				GCC_WARN_UNUSED_FUNCTION = YES;
				GCC_WARN_UNUSED_VARIABLE = YES;
				IPHONEOS_DEPLOYMENT_TARGET = 14.2;
				MTL_ENABLE_DEBUG_INFO = NO;
				MTL_FAST_MATH = YES;
				SDKROOT = iphoneos;
				SWIFT_COMPILATION_MODE = wholemodule;
				SWIFT_OPTIMIZATION_LEVEL = "-O";
				VALIDATE_PRODUCT = YES;
			};
			name = Release;
		};
		7B7F584A25B6815E008AD80D /* Debug */ = {
			isa = XCBuildConfiguration;
			buildSettings = {
				ASSETCATALOG_COMPILER_APPICON_NAME = AppIcon;
				ASSETCATALOG_COMPILER_GLOBAL_ACCENT_COLOR_NAME = AccentColor;
				CODE_SIGN_STYLE = Automatic;
				DEVELOPMENT_TEAM = 4B7YLKL5S2;
				INFOPLIST_FILE = GoodWeather/Info.plist;
				LD_RUNPATH_SEARCH_PATHS = (
					"$(inherited)",
					"@executable_path/Frameworks",
				);
				PRODUCT_BUNDLE_IDENTIFIER = kr.hwikang.GoodWeather;
				PRODUCT_NAME = "$(TARGET_NAME)";
				SWIFT_VERSION = 5.0;
				TARGETED_DEVICE_FAMILY = "1,2";
			};
			name = Debug;
		};
		7B7F584B25B6815E008AD80D /* Release */ = {
			isa = XCBuildConfiguration;
			buildSettings = {
				ASSETCATALOG_COMPILER_APPICON_NAME = AppIcon;
				ASSETCATALOG_COMPILER_GLOBAL_ACCENT_COLOR_NAME = AccentColor;
				CODE_SIGN_STYLE = Automatic;
				DEVELOPMENT_TEAM = 4B7YLKL5S2;
				INFOPLIST_FILE = GoodWeather/Info.plist;
				LD_RUNPATH_SEARCH_PATHS = (
					"$(inherited)",
					"@executable_path/Frameworks",
				);
				PRODUCT_BUNDLE_IDENTIFIER = kr.hwikang.GoodWeather;
				PRODUCT_NAME = "$(TARGET_NAME)";
				SWIFT_VERSION = 5.0;
				TARGETED_DEVICE_FAMILY = "1,2";
			};
			name = Release;
		};
		7B7F584D25B6815E008AD80D /* Debug */ = {
			isa = XCBuildConfiguration;
			buildSettings = {
				ALWAYS_EMBED_SWIFT_STANDARD_LIBRARIES = YES;
				BUNDLE_LOADER = "$(TEST_HOST)";
				CODE_SIGN_STYLE = Automatic;
				DEVELOPMENT_TEAM = 4B7YLKL5S2;
				INFOPLIST_FILE = GoodWeatherTests/Info.plist;
				IPHONEOS_DEPLOYMENT_TARGET = 14.2;
				LD_RUNPATH_SEARCH_PATHS = (
					"$(inherited)",
					"@executable_path/Frameworks",
					"@loader_path/Frameworks",
				);
				PRODUCT_BUNDLE_IDENTIFIER = kr.hwikang.GoodWeatherTests;
				PRODUCT_NAME = "$(TARGET_NAME)";
				SWIFT_VERSION = 5.0;
				TARGETED_DEVICE_FAMILY = "1,2";
				TEST_HOST = "$(BUILT_PRODUCTS_DIR)/GoodWeather.app/GoodWeather";
			};
			name = Debug;
		};
		7B7F584E25B6815E008AD80D /* Release */ = {
			isa = XCBuildConfiguration;
			buildSettings = {
				ALWAYS_EMBED_SWIFT_STANDARD_LIBRARIES = YES;
				BUNDLE_LOADER = "$(TEST_HOST)";
				CODE_SIGN_STYLE = Automatic;
				DEVELOPMENT_TEAM = 4B7YLKL5S2;
				INFOPLIST_FILE = GoodWeatherTests/Info.plist;
				IPHONEOS_DEPLOYMENT_TARGET = 14.2;
				LD_RUNPATH_SEARCH_PATHS = (
					"$(inherited)",
					"@executable_path/Frameworks",
					"@loader_path/Frameworks",
				);
				PRODUCT_BUNDLE_IDENTIFIER = kr.hwikang.GoodWeatherTests;
				PRODUCT_NAME = "$(TARGET_NAME)";
				SWIFT_VERSION = 5.0;
				TARGETED_DEVICE_FAMILY = "1,2";
				TEST_HOST = "$(BUILT_PRODUCTS_DIR)/GoodWeather.app/GoodWeather";
			};
			name = Release;
		};
		7B7F585025B6815E008AD80D /* Debug */ = {
			isa = XCBuildConfiguration;
			buildSettings = {
				ALWAYS_EMBED_SWIFT_STANDARD_LIBRARIES = YES;
				CODE_SIGN_STYLE = Automatic;
				DEVELOPMENT_TEAM = 4B7YLKL5S2;
				INFOPLIST_FILE = GoodWeatherUITests/Info.plist;
				LD_RUNPATH_SEARCH_PATHS = (
					"$(inherited)",
					"@executable_path/Frameworks",
					"@loader_path/Frameworks",
				);
				PRODUCT_BUNDLE_IDENTIFIER = kr.hwikang.GoodWeatherUITests;
				PRODUCT_NAME = "$(TARGET_NAME)";
				SWIFT_VERSION = 5.0;
				TARGETED_DEVICE_FAMILY = "1,2";
				TEST_TARGET_NAME = GoodWeather;
			};
			name = Debug;
		};
		7B7F585125B6815E008AD80D /* Release */ = {
			isa = XCBuildConfiguration;
			buildSettings = {
				ALWAYS_EMBED_SWIFT_STANDARD_LIBRARIES = YES;
				CODE_SIGN_STYLE = Automatic;
				DEVELOPMENT_TEAM = 4B7YLKL5S2;
				INFOPLIST_FILE = GoodWeatherUITests/Info.plist;
				LD_RUNPATH_SEARCH_PATHS = (
					"$(inherited)",
					"@executable_path/Frameworks",
					"@loader_path/Frameworks",
				);
				PRODUCT_BUNDLE_IDENTIFIER = kr.hwikang.GoodWeatherUITests;
				PRODUCT_NAME = "$(TARGET_NAME)";
				SWIFT_VERSION = 5.0;
				TARGETED_DEVICE_FAMILY = "1,2";
				TEST_TARGET_NAME = GoodWeather;
			};
			name = Release;
		};
/* End XCBuildConfiguration section */

/* Begin XCConfigurationList section */
		7B7F581A25B6815B008AD80D /* Build configuration list for PBXProject "GoodWeather" */ = {
			isa = XCConfigurationList;
			buildConfigurations = (
				7B7F584725B6815E008AD80D /* Debug */,
				7B7F584825B6815E008AD80D /* Release */,
			);
			defaultConfigurationIsVisible = 0;
			defaultConfigurationName = Release;
		};
		7B7F584925B6815E008AD80D /* Build configuration list for PBXNativeTarget "GoodWeather" */ = {
			isa = XCConfigurationList;
			buildConfigurations = (
				7B7F584A25B6815E008AD80D /* Debug */,
				7B7F584B25B6815E008AD80D /* Release */,
			);
			defaultConfigurationIsVisible = 0;
			defaultConfigurationName = Release;
		};
		7B7F584C25B6815E008AD80D /* Build configuration list for PBXNativeTarget "GoodWeatherTests" */ = {
			isa = XCConfigurationList;
			buildConfigurations = (
				7B7F584D25B6815E008AD80D /* Debug */,
				7B7F584E25B6815E008AD80D /* Release */,
			);
			defaultConfigurationIsVisible = 0;
			defaultConfigurationName = Release;
		};
		7B7F584F25B6815E008AD80D /* Build configuration list for PBXNativeTarget "GoodWeatherUITests" */ = {
			isa = XCConfigurationList;
			buildConfigurations = (
				7B7F585025B6815E008AD80D /* Debug */,
				7B7F585125B6815E008AD80D /* Release */,
			);
			defaultConfigurationIsVisible = 0;
			defaultConfigurationName = Release;
		};
/* End XCConfigurationList section */
	};
	rootObject = 7B7F581725B6815B008AD80D /* Project object */;
}
